
Microsoft Visual Studio Solution File, Format Version 12.00
# Visual Studio Version 17
VisualStudioVersion = 17.4.33213.308
MinimumVisualStudioVersion = 10.0.40219.1
Project("{FAE04EC0-301F-11D3-BF4B-00C04F79EFBC}") = "Calculadora_MVVM_JERH.Android", "Calculadora_MVVM_JERH.Android\Calculadora_MVVM_JERH.Android.csproj", "{F72111F2-9047-437D-93D6-F89D872D5EC3}"
EndProject
Project("{FAE04EC0-301F-11D3-BF4B-00C04F79EFBC}") = "Calculadora_MVVM_JERH", "Calculadora_MVVM_JERH\Calculadora_MVVM_JERH.csproj", "{2A301AB9-0F77-4D3A-886A-B857D73CF8DF}"
EndProject
Global
	GlobalSection(SolutionConfigurationPlatforms) = preSolution
		Debug|Any CPU = Debug|Any CPU
		Release|Any CPU = Release|Any CPU
	EndGlobalSection
	GlobalSection(ProjectConfigurationPlatforms) = postSolution
		{F72111F2-9047-437D-93D6-F89D872D5EC3}.Debug|Any CPU.ActiveCfg = Debug|Any CPU
		{F72111F2-9047-437D-93D6-F89D872D5EC3}.Debug|Any CPU.Build.0 = Debug|Any CPU
		{F72111F2-9047-437D-93D6-F89D872D5EC3}.Debug|Any CPU.Deploy.0 = Debug|Any CPU
		{F72111F2-9047-437D-93D6-F89D872D5EC3}.Release|Any CPU.ActiveCfg = Release|Any CPU
		{F72111F2-9047-437D-93D6-F89D872D5EC3}.Release|Any CPU.Build.0 = Release|Any CPU
		{F72111F2-9047-437D-93D6-F89D872D5EC3}.Release|Any CPU.Deploy.0 = Release|Any CPU
		{2A301AB9-0F77-4D3A-886A-B857D73CF8DF}.Debug|Any CPU.ActiveCfg = Debug|Any CPU
		{2A301AB9-0F77-4D3A-886A-B857D73CF8DF}.Debug|Any CPU.Build.0 = Debug|Any CPU
		{2A301AB9-0F77-4D3A-886A-B857D73CF8DF}.Debug|Any CPU.Deploy.0 = Debug|Any CPU
		{2A301AB9-0F77-4D3A-886A-B857D73CF8DF}.Release|Any CPU.ActiveCfg = Release|Any CPU
		{2A301AB9-0F77-4D3A-886A-B857D73CF8DF}.Release|Any CPU.Build.0 = Release|Any CPU
		{2A301AB9-0F77-4D3A-886A-B857D73CF8DF}.Release|Any CPU.Deploy.0 = Release|Any CPU
	EndGlobalSection
	GlobalSection(SolutionProperties) = preSolution
		HideSolutionNode = FALSE
	EndGlobalSection
	GlobalSection(ExtensibilityGlobals) = postSolution
		SolutionGuid = {F24FFF8C-F577-4D5B-A3EA-79D6B55BCF05}
	EndGlobalSection
EndGlobal
